
Microsoft Visual Studio Solution File, Format Version 11.00
# Visual Studio 2010
Project("{FAE04EC0-301F-11D3-BF4B-00C04F79EFBC}") = "Petrol Bunk Management System", "Petrol Bunk Management System\Petrol Bunk Management System.csproj", "{EEDCCD13-6FD7-4D69-A879-BD5F97BF4E92}"
EndProject
Global
	GlobalSection(SolutionConfigurationPlatforms) = preSolution
		Debug|Any CPU = Debug|Any CPU
		Release|Any CPU = Release|Any CPU
	EndGlobalSection
	GlobalSection(ProjectConfigurationPlatforms) = postSolution
		{EEDCCD13-6FD7-4D69-A879-BD5F97BF4E92}.Debug|Any CPU.ActiveCfg = Debug|Any CPU
		{EEDCCD13-6FD7-4D69-A879-BD5F97BF4E92}.Debug|Any CPU.Build.0 = Debug|Any CPU
		{EEDCCD13-6FD7-4D69-A879-BD5F97BF4E92}.Release|Any CPU.ActiveCfg = Release|Any CPU
		{EEDCCD13-6FD7-4D69-A879-BD5F97BF4E92}.Release|Any CPU.Build.0 = Release|Any CPU
	EndGlobalSection
	GlobalSection(SolutionProperties) = preSolution
		HideSolutionNode = FALSE
	EndGlobalSection
EndGlobal
